Microsoft Visual Studio Solution File, Format Version 12.00
# Visual Studio 15
VisualStudioVersion = 15.0.28010.2016	
MinimumVisualStudioVersion = 10.0.40219.1
Project("{FAE04EC0-301F-11D3-BF4B-00C04F79EFBC}") = "AlarmClock", "AlarmClock\AlarmClock.csproj", "{8A144B47-691C-4763-A7A5-18BC10EDF2C8}"
EndProject
Project("{FAE04EC0-301F-11D3-BF4B-00C04F79EFBC}") = "Tests", "Tests\Tests.csproj", "{8EFF6CB1-1D57-46EF-8ED6-5D35D70465AC}"
EndProject
Project("{FAE04EC0-301F-11D3-BF4B-00C04F79EFBC}") = "DBAdapter", "DBAdapter\DBAdapter.csproj", "{5FB2C777-9A9A-4F71-AF8F-8634E45EA29D}"
EndProject
Project("{FAE04EC0-301F-11D3-BF4B-00C04F79EFBC}") = "DBModels", "DBModels\DBModels.csproj", "{87792792-B596-48C2-A083-8EE28938B2C1}"
EndProject
Project("{FAE04EC0-301F-11D3-BF4B-00C04F79EFBC}") = "Managers", "Managers\Managers.csproj", "{B41F1ED6-A8DC-473E-BD90-B6A4B34AF571}"
EndProject
Project("{FAE04EC0-301F-11D3-BF4B-00C04F79EFBC}") = "Tools", "Tools\Tools.csproj", "{C7BF842C-05D4-41FC-8958-48EE86E0BA3D}"
EndProject
Global
	GlobalSection(SolutionConfigurationPlatforms) = preSolution
		Debug|Any CPU = Debug|Any CPU
		Release|Any CPU = Release|Any CPU
	EndGlobalSection
	GlobalSection(ProjectConfigurationPlatforms) = postSolution
		{8A144B47-691C-4763-A7A5-18BC10EDF2C8}.Debug|Any CPU.ActiveCfg = Debug|Any CPU
		{8A144B47-691C-4763-A7A5-18BC10EDF2C8}.Debug|Any CPU.Build.0 = Debug|Any CPU
		{8A144B47-691C-4763-A7A5-18BC10EDF2C8}.Release|Any CPU.ActiveCfg = Release|Any CPU
		{8A144B47-691C-4763-A7A5-18BC10EDF2C8}.Release|Any CPU.Build.0 = Release|Any CPU
		{8EFF6CB1-1D57-46EF-8ED6-5D35D70465AC}.Debug|Any CPU.ActiveCfg = Debug|Any CPU
		{8EFF6CB1-1D57-46EF-8ED6-5D35D70465AC}.Debug|Any CPU.Build.0 = Debug|Any CPU
		{8EFF6CB1-1D57-46EF-8ED6-5D35D70465AC}.Release|Any CPU.ActiveCfg = Release|Any CPU
		{8EFF6CB1-1D57-46EF-8ED6-5D35D70465AC}.Release|Any CPU.Build.0 = Release|Any CPU
		{5FB2C777-9A9A-4F71-AF8F-8634E45EA29D}.Debug|Any CPU.ActiveCfg = Debug|Any CPU
		{5FB2C777-9A9A-4F71-AF8F-8634E45EA29D}.Debug|Any CPU.Build.0 = Debug|Any CPU
		{5FB2C777-9A9A-4F71-AF8F-8634E45EA29D}.Release|Any CPU.ActiveCfg = Release|Any CPU
		{5FB2C777-9A9A-4F71-AF8F-8634E45EA29D}.Release|Any CPU.Build.0 = Release|Any CPU
		{87792792-B596-48C2-A083-8EE28938B2C1}.Debug|Any CPU.ActiveCfg = Debug|Any CPU
		{87792792-B596-48C2-A083-8EE28938B2C1}.Debug|Any CPU.Build.0 = Debug|Any CPU
		{87792792-B596-48C2-A083-8EE28938B2C1}.Release|Any CPU.ActiveCfg = Release|Any CPU
		{87792792-B596-48C2-A083-8EE28938B2C1}.Release|Any CPU.Build.0 = Release|Any CPU
		{B41F1ED6-A8DC-473E-BD90-B6A4B34AF571}.Debug|Any CPU.ActiveCfg = Debug|Any CPU
		{B41F1ED6-A8DC-473E-BD90-B6A4B34AF571}.Debug|Any CPU.Build.0 = Debug|Any CPU
		{B41F1ED6-A8DC-473E-BD90-B6A4B34AF571}.Release|Any CPU.ActiveCfg = Release|Any CPU
		{B41F1ED6-A8DC-473E-BD90-B6A4B34AF571}.Release|Any CPU.Build.0 = Release|Any CPU
		{C7BF842C-05D4-41FC-8958-48EE86E0BA3D}.Debug|Any CPU.ActiveCfg = Debug|Any CPU
		{C7BF842C-05D4-41FC-8958-48EE86E0BA3D}.Debug|Any CPU.Build.0 = Debug|Any CPU
		{C7BF842C-05D4-41FC-8958-48EE86E0BA3D}.Release|Any CPU.ActiveCfg = Release|Any CPU
		{C7BF842C-05D4-41FC-8958-48EE86E0BA3D}.Release|Any CPU.Build.0 = Release|Any CPU
	EndGlobalSection
	GlobalSection(SolutionProperties) = preSolution
		HideSolutionNode = FALSE
	EndGlobalSection
	GlobalSection(ExtensibilityGlobals) = postSolution
		SolutionGuid = {1FC05967-5BF0-452F-B377-7DED9B1575D4}
	EndGlobalSection
EndGlobal
